// !$*UTF8*$!
{
	archiveVersion = 1;
	classes = {
	};
	objectVersion = 56;
	objects = {

/* Begin PBXBuildFile section */
		FA82CC0E2AF41A760095226F /* QRView.swift in Sources */ = {isa = PBXBuildFile; fileRef = FA82CC0D2AF41A760095226F /* QRView.swift */; };
		FA96E08B2AF005D100EEF819 /* PokemonKingdomApp.swift in Sources */ = {isa = PBXBuildFile; fileRef = FA96E08A2AF005D100EEF819 /* PokemonKingdomApp.swift */; };
		FA96E08F2AF005D100EEF819 /* Assets.xcassets in Resources */ = {isa = PBXBuildFile; fileRef = FA96E08E2AF005D100EEF819 /* Assets.xcassets */; };
		FA96E0922AF005D100EEF819 /* Preview Assets.xcassets in Resources */ = {isa = PBXBuildFile; fileRef = FA96E0912AF005D100EEF819 /* Preview Assets.xcassets */; };
		FAA600072AF23C1E009E7174 /* Pokemon.swift in Sources */ = {isa = PBXBuildFile; fileRef = FAA600062AF23C1E009E7174 /* Pokemon.swift */; };
		FAA600092AF23C53009E7174 /* ViewModel.swift in Sources */ = {isa = PBXBuildFile; fileRef = FAA600082AF23C53009E7174 /* ViewModel.swift */; };
		FAA6000B2AF23C83009E7174 /* PokemonGridItem.swift in Sources */ = {isa = PBXBuildFile; fileRef = FAA6000A2AF23C83009E7174 /* PokemonGridItem.swift */; };
		FAA6000D2AF23EB2009E7174 /* FilterOptionsView.swift in Sources */ = {isa = PBXBuildFile; fileRef = FAA6000C2AF23EB2009E7174 /* FilterOptionsView.swift */; };
		FAA6000F2AF23EFC009E7174 /* ContentView.swift in Sources */ = {isa = PBXBuildFile; fileRef = FAA6000E2AF23EFC009E7174 /* ContentView.swift */; };
/* End PBXBuildFile section */

/* Begin PBXFileReference section */
		FA82CC0D2AF41A760095226F /* QRView.swift */ = {isa = PBXFileReference; lastKnownFileType = sourcecode.swift; path = QRView.swift; sourceTree = "<group>"; };
		FA96E0872AF005D100EEF819 /* PokemonKingdom.app */ = {isa = PBXFileReference; explicitFileType = wrapper.application; includeInIndex = 0; path = PokemonKingdom.app; sourceTree = BUILT_PRODUCTS_DIR; };
		FA96E08A2AF005D100EEF819 /* PokemonKingdomApp.swift */ = {isa = PBXFileReference; lastKnownFileType = sourcecode.swift; path = PokemonKingdomApp.swift; sourceTree = "<group>"; };
		FA96E08E2AF005D100EEF819 /* Assets.xcassets */ = {isa = PBXFileReference; lastKnownFileType = folder.assetcatalog; path = Assets.xcassets; sourceTree = "<group>"; };
		FA96E0912AF005D100EEF819 /* Preview Assets.xcassets */ = {isa = PBXFileReference; lastKnownFileType = folder.assetcatalog; path = "Preview Assets.xcassets"; sourceTree = "<group>"; };
		FAA600062AF23C1E009E7174 /* Pokemon.swift */ = {isa = PBXFileReference; lastKnownFileType = sourcecode.swift; path = Pokemon.swift; sourceTree = "<group>"; };
		FAA600082AF23C53009E7174 /* ViewModel.swift */ = {isa = PBXFileReference; lastKnownFileType = sourcecode.swift; path = ViewModel.swift; sourceTree = "<group>"; };
		FAA6000A2AF23C83009E7174 /* PokemonGridItem.swift */ = {isa = PBXFileReference; lastKnownFileType = sourcecode.swift; path = PokemonGridItem.swift; sourceTree = "<group>"; };
		FAA6000C2AF23EB2009E7174 /* FilterOptionsView.swift */ = {isa = PBXFileReference; lastKnownFileType = sourcecode.swift; path = FilterOptionsView.swift; sourceTree = "<group>"; };
		FAA6000E2AF23EFC009E7174 /* ContentView.swift */ = {isa = PBXFileReference; lastKnownFileType = sourcecode.swift; path = ContentView.swift; sourceTree = "<group>"; };
/* End PBXFileReference section */

/* Begin PBXFrameworksBuildPhase section */
		FA96E0842AF005D100EEF819 /* Frameworks */ = {
			isa = PBXFrameworksBuildPhase;
			buildActionMask = 2147483647;
			files = (
			);
			runOnlyForDeploymentPostprocessing = 0;
		};
/* End PBXFrameworksBuildPhase section */

/* Begin PBXGroup section */
		FA96E07E2AF005D100EEF819 = {
			isa = PBXGroup;
			children = (
				FA96E0892AF005D100EEF819 /* PokemonKingdom */,
				FA96E0882AF005D100EEF819 /* Products */,
			);
			sourceTree = "<group>";
		};
		FA96E0882AF005D100EEF819 /* Products */ = {
			isa = PBXGroup;
			children = (
				FA96E0872AF005D100EEF819 /* PokemonKingdom.app */,
			);
			name = Products;
			sourceTree = "<group>";
		};
		FA96E0892AF005D100EEF819 /* PokemonKingdom */ = {
			isa = PBXGroup;
			children = (
				FAA600062AF23C1E009E7174 /* Pokemon.swift */,
				FAA600082AF23C53009E7174 /* ViewModel.swift */,
				FAA6000A2AF23C83009E7174 /* PokemonGridItem.swift */,
				FAA6000C2AF23EB2009E7174 /* FilterOptionsView.swift */,
				FA96E08A2AF005D100EEF819 /* PokemonKingdomApp.swift */,
				FA96E08E2AF005D100EEF819 /* Assets.xcassets */,
				FA96E0902AF005D100EEF819 /* Preview Content */,
				FA82CC0D2AF41A760095226F /* QRView.swift */,
			);
			path = PokemonKingdom;
			sourceTree = "<group>";
		};
		FA96E0902AF005D100EEF819 /* Preview Content */ = {
			isa = PBXGroup;
			children = (
				FAA6000E2AF23EFC009E7174 /* ContentView.swift */,
				FA96E0912AF005D100EEF819 /* Preview Assets.xcassets */,
			);
			path = "Preview Content";
			sourceTree = "<group>";
		};
/* End PBXGroup section */

/* Begin PBXNativeTarget section */
		FA96E0862AF005D100EEF819 /* PokemonKingdom */ = {
			isa = PBXNativeTarget;
			buildConfigurationList = FA96E0952AF005D100EEF819 /* Build configuration list for PBXNativeTarget "PokemonKingdom" */;
			buildPhases = (
				FA96E0832AF005D100EEF819 /* Sources */,
				FA96E0842AF005D100EEF819 /* Frameworks */,
				FA96E0852AF005D100EEF819 /* Resources */,
			);
			buildRules = (
			);
			dependencies = (
			);
			name = PokemonKingdom;
			productName = PokemonKingdom;
			productReference = FA96E0872AF005D100EEF819 /* PokemonKingdom.app */;
			productType = "com.apple.product-type.application";
		};
/* End PBXNativeTarget section */

/* Begin PBXProject section */
		FA96E07F2AF005D100EEF819 /* Project object */ = {
			isa = PBXProject;
			attributes = {
				BuildIndependentTargetsInParallel = 1;
				LastSwiftUpdateCheck = 1410;
				LastUpgradeCheck = 1410;
				TargetAttributes = {
					FA96E0862AF005D100EEF819 = {
						CreatedOnToolsVersion = 14.1;
					};
				};
			};
			buildConfigurationList = FA96E0822AF005D100EEF819 /* Build configuration list for PBXProject "PokemonKingdom" */;
			compatibilityVersion = "Xcode 14.0";
			developmentRegion = en;
			hasScannedForEncodings = 0;
			knownRegions = (
				en,
				Base,
			);
			mainGroup = FA96E07E2AF005D100EEF819;
			productRefGroup = FA96E0882AF005D100EEF819 /* Products */;
			projectDirPath = "";
			projectRoot = "";
			targets = (
				FA96E0862AF005D100EEF819 /* PokemonKingdom */,
			);
		};
/* End PBXProject section */

/* Begin PBXResourcesBuildPhase section */
		FA96E0852AF005D100EEF819 /* Resources */ = {
			isa = PBXResourcesBuildPhase;
			buildActionMask = 2147483647;
			files = (
				FA96E0922AF005D100EEF819 /* Preview Assets.xcassets in Resources */,
				FA96E08F2AF005D100EEF819 /* Assets.xcassets in Resources */,
			);
			runOnlyForDeploymentPostprocessing = 0;
		};
/* End PBXResourcesBuildPhase section */

/* Begin PBXSourcesBuildPhase section */
		FA96E0832AF005D100EEF819 /* Sources */ = {
			isa = PBXSourcesBuildPhase;
			buildActionMask = 2147483647;
			files = (
				FA96E08B2AF005D100EEF819 /* PokemonKingdomApp.swift in Sources */,
				FAA6000D2AF23EB2009E7174 /* FilterOptionsView.swift in Sources */,
				FAA6000F2AF23EFC009E7174 /* ContentView.swift in Sources */,
				FAA600092AF23C53009E7174 /* ViewModel.swift in Sources */,
				FAA6000B2AF23C83009E7174 /* PokemonGridItem.swift in Sources */,
				FAA600072AF23C1E009E7174 /* Pokemon.swift in Sources */,
				FA82CC0E2AF41A760095226F /* QRView.swift in Sources */,
			);
			runOnlyForDeploymentPostprocessing = 0;
		};
/* End PBXSourcesBuildPhase section */

/* Begin XCBuildConfiguration section */
		FA96E0932AF005D100EEF819 /* Debug */ = {
			isa = XCBuildConfiguration;
			buildSettings = {
				ALWAYS_SEARCH_USER_PATHS = NO;
				CLANG_ANALYZER_NONNULL = YES;
				CLANG_ANALYZER_NUMBER_OBJECT_CONVERSION = YES_AGGRESSIVE;
				CLANG_CXX_LANGUAGE_STANDARD = "gnu++20";
				CLANG_ENABLE_MODULES = YES;
				CLANG_ENABLE_OBJC_ARC = YES;
				CLANG_ENABLE_OBJC_WEAK = YES;
				CLANG_WARN_BLOCK_CAPTURE_AUTORELEASING = YES;
				CLANG_WARN_BOOL_CONVERSION = YES;
				CLANG_WARN_COMMA = YES;
				CLANG_WARN_CONSTANT_CONVERSION = YES;
				CLANG_WARN_DEPRECATED_OBJC_IMPLEMENTATIONS = YES;
				CLANG_WARN_DIRECT_OBJC_ISA_USAGE = YES_ERROR;
				CLANG_WARN_DOCUMENTATION_COMMENTS = YES;
				CLANG_WARN_EMPTY_BODY = YES;
				CLANG_WARN_ENUM_CONVERSION = YES;
				CLANG_WARN_INFINITE_RECURSION = YES;
				CLANG_WARN_INT_CONVERSION = YES;
				CLANG_WARN_NON_LITERAL_NULL_CONVERSION = YES;
				CLANG_WARN_OBJC_IMPLICIT_RETAIN_SELF = YES;
				CLANG_WARN_OBJC_LITERAL_CONVERSION = YES;
				CLANG_WARN_OBJC_ROOT_CLASS = YES_ERROR;
				CLANG_WARN_QUOTED_INCLUDE_IN_FRAMEWORK_HEADER = YES;
				CLANG_WARN_RANGE_LOOP_ANALYSIS = YES;
				CLANG_WARN_STRICT_PROTOTYPES = YES;
				CLANG_WARN_SUSPICIOUS_MOVE = YES;
				CLANG_WARN_UNGUARDED_AVAILABILITY = YES_AGGRESSIVE;
				CLANG_WARN_UNREACHABLE_CODE = YES;
				CLANG_WARN__DUPLICATE_METHOD_MATCH = YES;
				COPY_PHASE_STRIP = NO;
				DEBUG_INFORMATION_FORMAT = dwarf;
				ENABLE_STRICT_OBJC_MSGSEND = YES;
				ENABLE_TESTABILITY = YES;
				GCC_C_LANGUAGE_STANDARD = gnu11;
				GCC_DYNAMIC_NO_PIC = NO;
				GCC_NO_COMMON_BLOCKS = YES;
				GCC_OPTIMIZATION_LEVEL = 0;
				GCC_PREPROCESSOR_DEFINITIONS = (
					"DEBUG=1",
					"$(inherited)",
				);
				GCC_WARN_64_TO_32_BIT_CONVERSION = YES;
				GCC_WARN_ABOUT_RETURN_TYPE = YES_ERROR;
				GCC_WARN_UNDECLARED_SELECTOR = YES;
				GCC_WARN_UNINITIALIZED_AUTOS = YES_AGGRESSIVE;
				GCC_WARN_UNUSED_FUNCTION = YES;
				GCC_WARN_UNUSED_VARIABLE = YES;
				IPHONEOS_DEPLOYMENT_TARGET = 16.1;
				MTL_ENABLE_DEBUG_INFO = INCLUDE_SOURCE;
				MTL_FAST_MATH = YES;
				ONLY_ACTIVE_ARCH = YES;
				SDKROOT = iphoneos;
				SWIFT_ACTIVE_COMPILATION_CONDITIONS = DEBUG;
				SWIFT_OPTIMIZATION_LEVEL = "-Onone";
			};
			name = Debug;
		};
		FA96E0942AF005D100EEF819 /* Release */ = {
			isa = XCBuildConfiguration;
			buildSettings = {
				ALWAYS_SEARCH_USER_PATHS = NO;
				CLANG_ANALYZER_NONNULL = YES;
				CLANG_ANALYZER_NUMBER_OBJECT_CONVERSION = YES_AGGRESSIVE;
				CLANG_CXX_LANGUAGE_STANDARD = "gnu++20";
				CLANG_ENABLE_MODULES = YES;
				CLANG_ENABLE_OBJC_ARC = YES;
				CLANG_ENABLE_OBJC_WEAK = YES;
				CLANG_WARN_BLOCK_CAPTURE_AUTORELEASING = YES;
				CLANG_WARN_BOOL_CONVERSION = YES;
				CLANG_WARN_COMMA = YES;
				CLANG_WARN_CONSTANT_CONVERSION = YES;
				CLANG_WARN_DEPRECATED_OBJC_IMPLEMENTATIONS = YES;
				CLANG_WARN_DIRECT_OBJC_ISA_USAGE = YES_ERROR;
				CLANG_WARN_DOCUMENTATION_COMMENTS = YES;
				CLANG_WARN_EMPTY_BODY = YES;
				CLANG_WARN_ENUM_CONVERSION = YES;
				CLANG_WARN_INFINITE_RECURSION = YES;
				CLANG_WARN_INT_CONVERSION = YES;
				CLANG_WARN_NON_LITERAL_NULL_CONVERSION = YES;
				CLANG_WARN_OBJC_IMPLICIT_RETAIN_SELF = YES;
				CLANG_WARN_OBJC_LITERAL_CONVERSION = YES;
				CLANG_WARN_OBJC_ROOT_CLASS = YES_ERROR;
				CLANG_WARN_QUOTED_INCLUDE_IN_FRAMEWORK_HEADER = YES;
				CLANG_WARN_RANGE_LOOP_ANALYSIS = YES;
				CLANG_WARN_STRICT_PROTOTYPES = YES;
				CLANG_WARN_SUSPICIOUS_MOVE = YES;
				CLANG_WARN_UNGUARDED_AVAILABILITY = YES_AGGRESSIVE;
				CLANG_WARN_UNREACHABLE_CODE = YES;
				CLANG_WARN__DUPLICATE_METHOD_MATCH = YES;
				COPY_PHASE_STRIP = NO;
				DEBUG_INFORMATION_FORMAT = "dwarf-with-dsym";
				ENABLE_NS_ASSERTIONS = NO;
				ENABLE_STRICT_OBJC_MSGSEND = YES;
				GCC_C_LANGUAGE_STANDARD = gnu11;
				GCC_NO_COMMON_BLOCKS = YES;
				GCC_WARN_64_TO_32_BIT_CONVERSION = YES;
				GCC_WARN_ABOUT_RETURN_TYPE = YES_ERROR;
				GCC_WARN_UNDECLARED_SELECTOR = YES;
				GCC_WARN_UNINITIALIZED_AUTOS = YES_AGGRESSIVE;
				GCC_WARN_UNUSED_FUNCTION = YES;
				GCC_WARN_UNUSED_VARIABLE = YES;
				IPHONEOS_DEPLOYMENT_TARGET = 16.1;
				MTL_ENABLE_DEBUG_INFO = NO;
				MTL_FAST_MATH = YES;
				SDKROOT = iphoneos;
				SWIFT_COMPILATION_MODE = wholemodule;
				SWIFT_OPTIMIZATION_LEVEL = "-O";
				VALIDATE_PRODUCT = YES;
			};
			name = Release;
		};
		FA96E0962AF005D100EEF819 /* Debug */ = {
			isa = XCBuildConfiguration;
			buildSettings = {
				ASSETCATALOG_COMPILER_APPICON_NAME = AppIcon;
				ASSETCATALOG_COMPILER_GLOBAL_ACCENT_COLOR_NAME = AccentColor;
				CODE_SIGN_STYLE = Automatic;
				CURRENT_PROJECT_VERSION = 1;
				DEVELOPMENT_ASSET_PATHS = "\"PokemonKingdom/Preview Content\"";
				DEVELOPMENT_TEAM = 7Q48CG8CB2;
				ENABLE_PREVIEWS = YES;
				GENERATE_INFOPLIST_FILE = YES;
				INFOPLIST_KEY_UIApplicationSceneManifest_Generation = YES;
				INFOPLIST_KEY_UIApplicationSupportsIndirectInputEvents = YES;
				INFOPLIST_KEY_UILaunchScreen_Generation = YES;
				INFOPLIST_KEY_UISupportedInterfaceOrientations_iPad = "UIInterfaceOrientationPortrait UIInterfaceOrientationPortraitUpsideDown UIInterfaceOrientationLandscapeLeft UIInterfaceOrientationLandscapeRight";
				INFOPLIST_KEY_UISupportedInterfaceOrientations_iPhone = "UIInterfaceOrientationPortrait UIInterfaceOrientationLandscapeLeft UIInterfaceOrientationLandscapeRight";
				LD_RUNPATH_SEARCH_PATHS = (
					"$(inherited)",
					"@executable_path/Frameworks",
				);
				MARKETING_VERSION = 1.0;
				PRODUCT_BUNDLE_IDENTIFIER = com.SSolution.PokemonKingdom;
				PRODUCT_NAME = "$(TARGET_NAME)";
				SWIFT_EMIT_LOC_STRINGS = YES;
				SWIFT_VERSION = 5.0;
				TARGETED_DEVICE_FAMILY = "1,2";
			};
			name = Debug;
		};
		FA96E0972AF005D100EEF819 /* Release */ = {
			isa = XCBuildConfiguration;
			buildSettings = {
				ASSETCATALOG_COMPILER_APPICON_NAME = AppIcon;
				ASSETCATALOG_COMPILER_GLOBAL_ACCENT_COLOR_NAME = AccentColor;
				CODE_SIGN_STYLE = Automatic;
				CURRENT_PROJECT_VERSION = 1;
				DEVELOPMENT_ASSET_PATHS = "\"PokemonKingdom/Preview Content\"";
				DEVELOPMENT_TEAM = 7Q48CG8CB2;
				ENABLE_PREVIEWS = YES;
				GENERATE_INFOPLIST_FILE = YES;
				INFOPLIST_KEY_UIApplicationSceneManifest_Generation = YES;
				INFOPLIST_KEY_UIApplicationSupportsIndirectInputEvents = YES;
				INFOPLIST_KEY_UILaunchScreen_Generation = YES;
				INFOPLIST_KEY_UISupportedInterfaceOrientations_iPad = "UIInterfaceOrientationPortrait UIInterfaceOrientationPortraitUpsideDown UIInterfaceOrientationLandscapeLeft UIInterfaceOrientationLandscapeRight";
				INFOPLIST_KEY_UISupportedInterfaceOrientations_iPhone = "UIInterfaceOrientationPortrait UIInterfaceOrientationLandscapeLeft UIInterfaceOrientationLandscapeRight";
				LD_RUNPATH_SEARCH_PATHS = (
					"$(inherited)",
					"@executable_path/Frameworks",
				);
				MARKETING_VERSION = 1.0;
				PRODUCT_BUNDLE_IDENTIFIER = com.SSolution.PokemonKingdom;
				PRODUCT_NAME = "$(TARGET_NAME)";
				SWIFT_EMIT_LOC_STRINGS = YES;
				SWIFT_VERSION = 5.0;
				TARGETED_DEVICE_FAMILY = "1,2";
			};
			name = Release;
		};
/* End XCBuildConfiguration section */

/* Begin XCConfigurationList section */
		FA96E0822AF005D100EEF819 /* Build configuration list for PBXProject "PokemonKingdom" */ = {
			isa = XCConfigurationList;
			buildConfigurations = (
				FA96E0932AF005D100EEF819 /* Debug */,
				FA96E0942AF005D100EEF819 /* Release */,
			);
			defaultConfigurationIsVisible = 0;
			defaultConfigurationName = Release;
		};
		FA96E0952AF005D100EEF819 /* Build configuration list for PBXNativeTarget "PokemonKingdom" */ = {
			isa = XCConfigurationList;
			buildConfigurations = (
				FA96E0962AF005D100EEF819 /* Debug */,
				FA96E0972AF005D100EEF819 /* Release */,
			);
			defaultConfigurationIsVisible = 0;
			defaultConfigurationName = Release;
		};
/* End XCConfigurationList section */
	};
	rootObject = FA96E07F2AF005D100EEF819 /* Project object */;
}
